// !$*UTF8*$!
{
	archiveVersion = 1;
	classes = {
	};
	objectVersion = 46;
	objects = {

/* Begin PBXBuildFile section */
		3203076C1CB854F70059991C /* AppDelegate.swift in Sources */ = {isa = PBXBuildFile; fileRef = 3203076B1CB854F70059991C /* AppDelegate.swift */; };
		320307731CB854F70059991C /* Assets.xcassets in Resources */ = {isa = PBXBuildFile; fileRef = 320307721CB854F70059991C /* Assets.xcassets */; };
		320307761CB854F70059991C /* LaunchScreen.storyboard in Resources */ = {isa = PBXBuildFile; fileRef = 320307741CB854F70059991C /* LaunchScreen.storyboard */; };
		320307831CB8558C0059991C /* HomeViewController.swift in Sources */ = {isa = PBXBuildFile; fileRef = 320307811CB8558C0059991C /* HomeViewController.swift */; };
		320307841CB8558C0059991C /* HomeViewController.xib in Resources */ = {isa = PBXBuildFile; fileRef = 320307821CB8558C0059991C /* HomeViewController.xib */; };
		320307861CB855A70059991C /* HomeViewModel.swift in Sources */ = {isa = PBXBuildFile; fileRef = 320307851CB855A70059991C /* HomeViewModel.swift */; };
		320307881CB855C90059991C /* CellRepresentable.swift in Sources */ = {isa = PBXBuildFile; fileRef = 320307871CB855C90059991C /* CellRepresentable.swift */; };
		320307931CB8654B0059991C /* StringCell.swift in Sources */ = {isa = PBXBuildFile; fileRef = 320307911CB8654B0059991C /* StringCell.swift */; };
		320307941CB8654B0059991C /* StringCell.xib in Resources */ = {isa = PBXBuildFile; fileRef = 320307921CB8654B0059991C /* StringCell.xib */; };
		320307971CB8668B0059991C /* IntCell.swift in Sources */ = {isa = PBXBuildFile; fileRef = 320307951CB8668B0059991C /* IntCell.swift */; };
		320307981CB8668B0059991C /* IntCell.xib in Resources */ = {isa = PBXBuildFile; fileRef = 320307961CB8668B0059991C /* IntCell.xib */; };
		3203079A1CB86AFB0059991C /* IntCellViewModel.swift in Sources */ = {isa = PBXBuildFile; fileRef = 320307991CB86AFB0059991C /* IntCellViewModel.swift */; };
		3203079C1CB86B0B0059991C /* StringCellViewModel.swift in Sources */ = {isa = PBXBuildFile; fileRef = 3203079B1CB86B0B0059991C /* StringCellViewModel.swift */; };
		3203079E1CB86E670059991C /* Helpers.swift in Sources */ = {isa = PBXBuildFile; fileRef = 3203079D1CB86E670059991C /* Helpers.swift */; };
		320307A41CB885C90059991C /* NavigationCoordinator.swift in Sources */ = {isa = PBXBuildFile; fileRef = 320307A31CB885C90059991C /* NavigationCoordinator.swift */; };
		320307A91CBAB8630059991C /* IntViewController.swift in Sources */ = {isa = PBXBuildFile; fileRef = 320307A71CBAB8630059991C /* IntViewController.swift */; };
		320307AA1CBAB8630059991C /* IntViewController.xib in Resources */ = {isa = PBXBuildFile; fileRef = 320307A81CBAB8630059991C /* IntViewController.xib */; };
		320307AC1CBAB8770059991C /* IntViewModel.swift in Sources */ = {isa = PBXBuildFile; fileRef = 320307AB1CBAB8770059991C /* IntViewModel.swift */; };
		320307AF1CBAB8920059991C /* StringViewController.swift in Sources */ = {isa = PBXBuildFile; fileRef = 320307AD1CBAB8920059991C /* StringViewController.swift */; };
		320307B01CBAB8920059991C /* StringViewController.xib in Resources */ = {isa = PBXBuildFile; fileRef = 320307AE1CBAB8920059991C /* StringViewController.xib */; };
		320307B21CBAB8E50059991C /* StringViewModel.swift in Sources */ = {isa = PBXBuildFile; fileRef = 320307B11CBAB8E50059991C /* StringViewModel.swift */; };
/* End PBXBuildFile section */

/* Begin PBXFileReference section */
		320307681CB854F70059991C /* CellRepresentable.app */ = {isa = PBXFileReference; explicitFileType = wrapper.application; includeInIndex = 0; path = CellRepresentable.app; sourceTree = BUILT_PRODUCTS_DIR; };
		3203076B1CB854F70059991C /* AppDelegate.swift */ = {isa = PBXFileReference; lastKnownFileType = sourcecode.swift; path = AppDelegate.swift; sourceTree = "<group>"; };
		320307721CB854F70059991C /* Assets.xcassets */ = {isa = PBXFileReference; lastKnownFileType = folder.assetcatalog; path = Assets.xcassets; sourceTree = "<group>"; };
		320307751CB854F70059991C /* Base */ = {isa = PBXFileReference; lastKnownFileType = file.storyboard; name = Base; path = Base.lproj/LaunchScreen.storyboard; sourceTree = "<group>"; };
		320307771CB854F70059991C /* Info.plist */ = {isa = PBXFileReference; lastKnownFileType = text.plist.xml; path = Info.plist; sourceTree = "<group>"; };
		320307811CB8558C0059991C /* HomeViewController.swift */ = {isa = PBXFileReference; fileEncoding = 4; lastKnownFileType = sourcecode.swift; path = HomeViewController.swift; sourceTree = "<group>"; };
		320307821CB8558C0059991C /* HomeViewController.xib */ = {isa = PBXFileReference; fileEncoding = 4; lastKnownFileType = file.xib; path = HomeViewController.xib; sourceTree = "<group>"; };
		320307851CB855A70059991C /* HomeViewModel.swift */ = {isa = PBXFileReference; fileEncoding = 4; lastKnownFileType = sourcecode.swift; path = HomeViewModel.swift; sourceTree = "<group>"; };
		320307871CB855C90059991C /* CellRepresentable.swift */ = {isa = PBXFileReference; fileEncoding = 4; lastKnownFileType = sourcecode.swift; path = CellRepresentable.swift; sourceTree = "<group>"; };
		320307911CB8654B0059991C /* StringCell.swift */ = {isa = PBXFileReference; fileEncoding = 4; lastKnownFileType = sourcecode.swift; name = StringCell.swift; path = CellRepresentable/Cells/StringCell/StringCell.swift; sourceTree = SOURCE_ROOT; };
		320307921CB8654B0059991C /* StringCell.xib */ = {isa = PBXFileReference; fileEncoding = 4; lastKnownFileType = file.xib; name = StringCell.xib; path = CellRepresentable/Cells/StringCell/StringCell.xib; sourceTree = SOURCE_ROOT; };
		320307951CB8668B0059991C /* IntCell.swift */ = {isa = PBXFileReference; fileEncoding = 4; lastKnownFileType = sourcecode.swift; path = IntCell.swift; sourceTree = "<group>"; };
		320307961CB8668B0059991C /* IntCell.xib */ = {isa = PBXFileReference; fileEncoding = 4; lastKnownFileType = file.xib; path = IntCell.xib; sourceTree = "<group>"; };
		320307991CB86AFB0059991C /* IntCellViewModel.swift */ = {isa = PBXFileReference; fileEncoding = 4; lastKnownFileType = sourcecode.swift; path = IntCellViewModel.swift; sourceTree = "<group>"; };
		3203079B1CB86B0B0059991C /* StringCellViewModel.swift */ = {isa = PBXFileReference; fileEncoding = 4; lastKnownFileType = sourcecode.swift; path = StringCellViewModel.swift; sourceTree = "<group>"; };
		3203079D1CB86E670059991C /* Helpers.swift */ = {isa = PBXFileReference; fileEncoding = 4; lastKnownFileType = sourcecode.swift; path = Helpers.swift; sourceTree = "<group>"; };
		320307A31CB885C90059991C /* NavigationCoordinator.swift */ = {isa = PBXFileReference; fileEncoding = 4; lastKnownFileType = sourcecode.swift; path = NavigationCoordinator.swift; sourceTree = "<group>"; };
		320307A71CBAB8630059991C /* IntViewController.swift */ = {isa = PBXFileReference; fileEncoding = 4; lastKnownFileType = sourcecode.swift; path = IntViewController.swift; sourceTree = "<group>"; };
		320307A81CBAB8630059991C /* IntViewController.xib */ = {isa = PBXFileReference; fileEncoding = 4; lastKnownFileType = file.xib; path = IntViewController.xib; sourceTree = "<group>"; };
		320307AB1CBAB8770059991C /* IntViewModel.swift */ = {isa = PBXFileReference; fileEncoding = 4; lastKnownFileType = sourcecode.swift; path = IntViewModel.swift; sourceTree = "<group>"; };
		320307AD1CBAB8920059991C /* StringViewController.swift */ = {isa = PBXFileReference; fileEncoding = 4; lastKnownFileType = sourcecode.swift; path = StringViewController.swift; sourceTree = "<group>"; };
		320307AE1CBAB8920059991C /* StringViewController.xib */ = {isa = PBXFileReference; fileEncoding = 4; lastKnownFileType = file.xib; path = StringViewController.xib; sourceTree = "<group>"; };
		320307B11CBAB8E50059991C /* StringViewModel.swift */ = {isa = PBXFileReference; fileEncoding = 4; lastKnownFileType = sourcecode.swift; path = StringViewModel.swift; sourceTree = "<group>"; };
/* End PBXFileReference section */

/* Begin PBXFrameworksBuildPhase section */
		320307651CB854F70059991C /* Frameworks */ = {
			isa = PBXFrameworksBuildPhase;
			buildActionMask = 2147483647;
			files = (
			);
			runOnlyForDeploymentPostprocessing = 0;
		};
/* End PBXFrameworksBuildPhase section */

/* Begin PBXGroup section */
		3203075F1CB854F70059991C = {
			isa = PBXGroup;
			children = (
				3203076A1CB854F70059991C /* CellRepresentable */,
				320307691CB854F70059991C /* Products */,
			);
			sourceTree = "<group>";
		};
		320307691CB854F70059991C /* Products */ = {
			isa = PBXGroup;
			children = (
				320307681CB854F70059991C /* CellRepresentable.app */,
			);
			name = Products;
			sourceTree = "<group>";
		};
		3203076A1CB854F70059991C /* CellRepresentable */ = {
			isa = PBXGroup;
			children = (
				320307A11CB885B30059991C /* Coordinators */,
				3203077D1CB8555E0059991C /* CellRepresentable */,
				3203077E1CB8555E0059991C /* Cells */,
				3203077F1CB8555E0059991C /* ViewControllers */,
				3203076B1CB854F70059991C /* AppDelegate.swift */,
				3203079D1CB86E670059991C /* Helpers.swift */,
				320307721CB854F70059991C /* Assets.xcassets */,
				320307741CB854F70059991C /* LaunchScreen.storyboard */,
				320307771CB854F70059991C /* Info.plist */,
			);
			path = CellRepresentable;
			sourceTree = "<group>";
		};
		3203077D1CB8555E0059991C /* CellRepresentable */ = {
			isa = PBXGroup;
			children = (
				320307871CB855C90059991C /* CellRepresentable.swift */,
			);
			path = CellRepresentable;
			sourceTree = "<group>";
		};
		3203077E1CB8555E0059991C /* Cells */ = {
			isa = PBXGroup;
			children = (
				3203078F1CB864DF0059991C /* IntCell */,
				320307901CB864DF0059991C /* StringCell */,
			);
			path = Cells;
			sourceTree = "<group>";
		};
		3203077F1CB8555E0059991C /* ViewControllers */ = {
			isa = PBXGroup;
			children = (
				320307801CB855810059991C /* HomeViewController */,
				320307A51CB88B900059991C /* IntViewController */,
				320307A61CB88B900059991C /* StringViewController */,
			);
			path = ViewControllers;
			sourceTree = "<group>";
		};
		320307801CB855810059991C /* HomeViewController */ = {
			isa = PBXGroup;
			children = (
				320307851CB855A70059991C /* HomeViewModel.swift */,
				320307811CB8558C0059991C /* HomeViewController.swift */,
				320307821CB8558C0059991C /* HomeViewController.xib */,
			);
			path = HomeViewController;
			sourceTree = "<group>";
		};
		3203078F1CB864DF0059991C /* IntCell */ = {
			isa = PBXGroup;
			children = (
				320307991CB86AFB0059991C /* IntCellViewModel.swift */,
				320307951CB8668B0059991C /* IntCell.swift */,
				320307961CB8668B0059991C /* IntCell.xib */,
			);
			path = IntCell;
			sourceTree = "<group>";
		};
		320307901CB864DF0059991C /* StringCell */ = {
			isa = PBXGroup;
			children = (
				3203079B1CB86B0B0059991C /* StringCellViewModel.swift */,
				320307911CB8654B0059991C /* StringCell.swift */,
				320307921CB8654B0059991C /* StringCell.xib */,
			);
			path = StringCell;
			sourceTree = "<group>";
		};
		320307A11CB885B30059991C /* Coordinators */ = {
			isa = PBXGroup;
			children = (
				320307A21CB885BE0059991C /* Navigation */,
			);
			path = Coordinators;
			sourceTree = "<group>";
		};
		320307A21CB885BE0059991C /* Navigation */ = {
			isa = PBXGroup;
			children = (
				320307A31CB885C90059991C /* NavigationCoordinator.swift */,
			);
			path = Navigation;
			sourceTree = "<group>";
		};
		320307A51CB88B900059991C /* IntViewController */ = {
			isa = PBXGroup;
			children = (
				320307AB1CBAB8770059991C /* IntViewModel.swift */,
				320307A71CBAB8630059991C /* IntViewController.swift */,
				320307A81CBAB8630059991C /* IntViewController.xib */,
			);
			path = IntViewController;
			sourceTree = "<group>";
		};
		320307A61CB88B900059991C /* StringViewController */ = {
			isa = PBXGroup;
			children = (
				320307B11CBAB8E50059991C /* StringViewModel.swift */,
				320307AD1CBAB8920059991C /* StringViewController.swift */,
				320307AE1CBAB8920059991C /* StringViewController.xib */,
			);
			path = StringViewController;
			sourceTree = "<group>";
		};
/* End PBXGroup section */

/* Begin PBXNativeTarget section */
		320307671CB854F70059991C /* CellRepresentable */ = {
			isa = PBXNativeTarget;
			buildConfigurationList = 3203077A1CB854F70059991C /* Build configuration list for PBXNativeTarget "CellRepresentable" */;
			buildPhases = (
				320307641CB854F70059991C /* Sources */,
				320307651CB854F70059991C /* Frameworks */,
				320307661CB854F70059991C /* Resources */,
			);
			buildRules = (
			);
			dependencies = (
			);
			name = CellRepresentable;
			productName = CellRepresentable;
			productReference = 320307681CB854F70059991C /* CellRepresentable.app */;
			productType = "com.apple.product-type.application";
		};
/* End PBXNativeTarget section */

/* Begin PBXProject section */
		320307601CB854F70059991C /* Project object */ = {
			isa = PBXProject;
			attributes = {
				LastSwiftUpdateCheck = 0720;
				LastUpgradeCheck = 0720;
				ORGANIZATIONNAME = Mustard;
				TargetAttributes = {
					320307671CB854F70059991C = {
						CreatedOnToolsVersion = 7.2.1;
					};
				};
			};
			buildConfigurationList = 320307631CB854F70059991C /* Build configuration list for PBXProject "CellRepresentable" */;
			compatibilityVersion = "Xcode 3.2";
			developmentRegion = English;
			hasScannedForEncodings = 0;
			knownRegions = (
				en,
				Base,
			);
			mainGroup = 3203075F1CB854F70059991C;
			productRefGroup = 320307691CB854F70059991C /* Products */;
			projectDirPath = "";
			projectRoot = "";
			targets = (
				320307671CB854F70059991C /* CellRepresentable */,
			);
		};
/* End PBXProject section */

/* Begin PBXResourcesBuildPhase section */
		320307661CB854F70059991C /* Resources */ = {
			isa = PBXResourcesBuildPhase;
			buildActionMask = 2147483647;
			files = (
				320307981CB8668B0059991C /* IntCell.xib in Resources */,
				320307761CB854F70059991C /* LaunchScreen.storyboard in Resources */,
				320307AA1CBAB8630059991C /* IntViewController.xib in Resources */,
				320307731CB854F70059991C /* Assets.xcassets in Resources */,
				320307941CB8654B0059991C /* StringCell.xib in Resources */,
				320307841CB8558C0059991C /* HomeViewController.xib in Resources */,
				320307B01CBAB8920059991C /* StringViewController.xib in Resources */,
			);
			runOnlyForDeploymentPostprocessing = 0;
		};
/* End PBXResourcesBuildPhase section */

/* Begin PBXSourcesBuildPhase section */
		320307641CB854F70059991C /* Sources */ = {
			isa = PBXSourcesBuildPhase;
			buildActionMask = 2147483647;
			files = (
				320307A91CBAB8630059991C /* IntViewController.swift in Sources */,
				3203079A1CB86AFB0059991C /* IntCellViewModel.swift in Sources */,
				3203076C1CB854F70059991C /* AppDelegate.swift in Sources */,
				320307861CB855A70059991C /* HomeViewModel.swift in Sources */,
				320307AF1CBAB8920059991C /* StringViewController.swift in Sources */,
				320307AC1CBAB8770059991C /* IntViewModel.swift in Sources */,
				3203079E1CB86E670059991C /* Helpers.swift in Sources */,
				320307B21CBAB8E50059991C /* StringViewModel.swift in Sources */,
				320307A41CB885C90059991C /* NavigationCoordinator.swift in Sources */,
				320307931CB8654B0059991C /* StringCell.swift in Sources */,
				320307971CB8668B0059991C /* IntCell.swift in Sources */,
				320307881CB855C90059991C /* CellRepresentable.swift in Sources */,
				320307831CB8558C0059991C /* HomeViewController.swift in Sources */,
				3203079C1CB86B0B0059991C /* StringCellViewModel.swift in Sources */,
			);
			runOnlyForDeploymentPostprocessing = 0;
		};
/* End PBXSourcesBuildPhase section */

/* Begin PBXVariantGroup section */
		320307741CB854F70059991C /* LaunchScreen.storyboard */ = {
			isa = PBXVariantGroup;
			children = (
				320307751CB854F70059991C /* Base */,
			);
			name = LaunchScreen.storyboard;
			sourceTree = "<group>";
		};
/* End PBXVariantGroup section */

/* Begin XCBuildConfiguration section */
		320307781CB854F70059991C /* Debug */ = {
			isa = XCBuildConfiguration;
			buildSettings = {
				ALWAYS_SEARCH_USER_PATHS = NO;
				CLANG_CXX_LANGUAGE_STANDARD = "gnu++0x";
				CLANG_CXX_LIBRARY = "libc++";
				CLANG_ENABLE_MODULES = YES;
				CLANG_ENABLE_OBJC_ARC = YES;
				CLANG_WARN_BOOL_CONVERSION = YES;
				CLANG_WARN_CONSTANT_CONVERSION = YES;
				CLANG_WARN_DIRECT_OBJC_ISA_USAGE = YES_ERROR;
				CLANG_WARN_EMPTY_BODY = YES;
				CLANG_WARN_ENUM_CONVERSION = YES;
				CLANG_WARN_INT_CONVERSION = YES;
				CLANG_WARN_OBJC_ROOT_CLASS = YES_ERROR;
				CLANG_WARN_UNREACHABLE_CODE = YES;
				CLANG_WARN__DUPLICATE_METHOD_MATCH = YES;
				"CODE_SIGN_IDENTITY[sdk=iphoneos*]" = "iPhone Developer";
				COPY_PHASE_STRIP = NO;
				DEBUG_INFORMATION_FORMAT = dwarf;
				ENABLE_STRICT_OBJC_MSGSEND = YES;
				ENABLE_TESTABILITY = YES;
				GCC_C_LANGUAGE_STANDARD = gnu99;
				GCC_DYNAMIC_NO_PIC = NO;
				GCC_NO_COMMON_BLOCKS = YES;
				GCC_OPTIMIZATION_LEVEL = 0;
				GCC_PREPROCESSOR_DEFINITIONS = (
					"DEBUG=1",
					"$(inherited)",
				);
				GCC_WARN_64_TO_32_BIT_CONVERSION = YES;
				GCC_WARN_ABOUT_RETURN_TYPE = YES_ERROR;
				GCC_WARN_UNDECLARED_SELECTOR = YES;
				GCC_WARN_UNINITIALIZED_AUTOS = YES_AGGRESSIVE;
				GCC_WARN_UNUSED_FUNCTION = YES;
				GCC_WARN_UNUSED_VARIABLE = YES;
				IPHONEOS_DEPLOYMENT_TARGET = 9.2;
				MTL_ENABLE_DEBUG_INFO = YES;
				ONLY_ACTIVE_ARCH = YES;
				SDKROOT = iphoneos;
				SWIFT_OPTIMIZATION_LEVEL = "-Onone";
			};
			name = Debug;
		};
		320307791CB854F70059991C /* Release */ = {
			isa = XCBuildConfiguration;
			buildSettings = {
				ALWAYS_SEARCH_USER_PATHS = NO;
				CLANG_CXX_LANGUAGE_STANDARD = "gnu++0x";
				CLANG_CXX_LIBRARY = "libc++";
				CLANG_ENABLE_MODULES = YES;
				CLANG_ENABLE_OBJC_ARC = YES;
				CLANG_WARN_BOOL_CONVERSION = YES;
				CLANG_WARN_CONSTANT_CONVERSION = YES;
				CLANG_WARN_DIRECT_OBJC_ISA_USAGE = YES_ERROR;
				CLANG_WARN_EMPTY_BODY = YES;
				CLANG_WARN_ENUM_CONVERSION = YES;
				CLANG_WARN_INT_CONVERSION = YES;
				CLANG_WARN_OBJC_ROOT_CLASS = YES_ERROR;
				CLANG_WARN_UNREACHABLE_CODE = YES;
				CLANG_WARN__DUPLICATE_METHOD_MATCH = YES;
				"CODE_SIGN_IDENTITY[sdk=iphoneos*]" = "iPhone Developer";
				COPY_PHASE_STRIP = NO;
				DEBUG_INFORMATION_FORMAT = "dwarf-with-dsym";
				ENABLE_NS_ASSERTIONS = NO;
				ENABLE_STRICT_OBJC_MSGSEND = YES;
				GCC_C_LANGUAGE_STANDARD = gnu99;
				GCC_NO_COMMON_BLOCKS = YES;
				GCC_WARN_64_TO_32_BIT_CONVERSION = YES;
				GCC_WARN_ABOUT_RETURN_TYPE = YES_ERROR;
				GCC_WARN_UNDECLARED_SELECTOR = YES;
				GCC_WARN_UNINITIALIZED_AUTOS = YES_AGGRESSIVE;
				GCC_WARN_UNUSED_FUNCTION = YES;
				GCC_WARN_UNUSED_VARIABLE = YES;
				IPHONEOS_DEPLOYMENT_TARGET = 9.2;
				MTL_ENABLE_DEBUG_INFO = NO;
				SDKROOT = iphoneos;
				VALIDATE_PRODUCT = YES;
			};
			name = Release;
		};
		3203077B1CB854F70059991C /* Debug */ = {
			isa = XCBuildConfiguration;
			buildSettings = {
				ASSETCATALOG_COMPILER_APPICON_NAME = AppIcon;
				INFOPLIST_FILE = CellRepresentable/Info.plist;
				IPHONEOS_DEPLOYMENT_TARGET = 8.0;
				LD_RUNPATH_SEARCH_PATHS = "$(inherited) @executable_path/Frameworks";
				PRODUCT_BUNDLE_IDENTIFIER = com.mustard.CellRepresentable;
				PRODUCT_NAME = "$(TARGET_NAME)";
			};
			name = Debug;
		};
		3203077C1CB854F70059991C /* Release */ = {
			isa = XCBuildConfiguration;
			buildSettings = {
				ASSETCATALOG_COMPILER_APPICON_NAME = AppIcon;
				INFOPLIST_FILE = CellRepresentable/Info.plist;
				IPHONEOS_DEPLOYMENT_TARGET = 8.0;
				LD_RUNPATH_SEARCH_PATHS = "$(inherited) @executable_path/Frameworks";
				PRODUCT_BUNDLE_IDENTIFIER = com.mustard.CellRepresentable;
				PRODUCT_NAME = "$(TARGET_NAME)";
			};
			name = Release;
		};
/* End XCBuildConfiguration section */

/* Begin XCConfigurationList section */
		320307631CB854F70059991C /* Build configuration list for PBXProject "CellRepresentable" */ = {
			isa = XCConfigurationList;
			buildConfigurations = (
				320307781CB854F70059991C /* Debug */,
				320307791CB854F70059991C /* Release */,
			);
			defaultConfigurationIsVisible = 0;
			defaultConfigurationName = Release;
		};
		3203077A1CB854F70059991C /* Build configuration list for PBXNativeTarget "CellRepresentable" */ = {
			isa = XCConfigurationList;
			buildConfigurations = (
				3203077B1CB854F70059991C /* Debug */,
				3203077C1CB854F70059991C /* Release */,
			);
			defaultConfigurationIsVisible = 0;
		};
/* End XCConfigurationList section */
	};
	rootObject = 320307601CB854F70059991C /* Project object */;
}
